PODS:
  - Flutter (1.0.0)
  - path_provider_foundation (0.0.1):
    - Flutter
    - FlutterMacOS
  - social_share_plus (0.0.1):
    - Flutter
    - WechatOpenSDK
  - WechatOpenSDK (1.9.7)

DEPENDENCIES:
  - Flutter (from `Flutter`)
  - path_provider_foundation (from `.symlinks/plugins/path_provider_foundation/ios`)
  - social_share_plus (from `.symlinks/plugins/social_share_plus/ios`)

SPEC REPOS:
  trunk:
    - WechatOpenSDK

EXTERNAL SOURCES:
  Flutter:
    :path: Flutter
  path_provider_foundation:
    :path: ".symlinks/plugins/path_provider_foundation/ios"
  social_share_plus:
    :path: ".symlinks/plugins/social_share_plus/ios"

SPEC CHECKSUMS:
  Flutter: f04841e97a9d0b0a8025694d0796dd46242b2854
  path_provider_foundation: 37748e03f12783f9de2cb2c4eadfaa25fe6d4852
  social_share_plus: 0441e1fd4c24344b6198cd28ac69ec30f9c39eef
  WechatOpenSDK: 2f0ae448c7525cb5c27db5f7aa0f568de0988fa4

PODFILE CHECKSUM: e5ee00144d04e7b168ba7ea28a9753540e444f3d

COCOAPODS: 1.11.3
